
Microsoft Visual Studio Solution File, Format Version 12.00
# Visual Studio Version 16
VisualStudioVersion = 16.0.31112.23
MinimumVisualStudioVersion = 10.0.40219.1
Project("{6989167D-11E4-40FE-8C1A-2192A86A7E90}") = "coblfcn", "coblfcn\coblfcn.vfproj", "{DAD128AB-3D28-4902-8EB1-3BA43E16DA6F}"
EndProject
Project("{6989167D-11E4-40FE-8C1A-2192A86A7E90}") = "coblfcnf", "coblfcnf\coblfcnf.vfproj", "{26D93150-34C8-4743-A750-D0EE41DA1007}"
EndProject
Project("{6989167D-11E4-40FE-8C1A-2192A86A7E90}") = "cobldrv", "cobldrv\cobldrv.vfproj", "{635A418A-AB01-45A4-8BC2-20649F19FDF3}"
EndProject
Global
	GlobalSection(SolutionConfigurationPlatforms) = preSolution
		Debug|x64 = Debug|x64
		Debug|x86 = Debug|x86
		Release|x64 = Release|x64
		Release|x86 = Release|x86
	EndGlobalSection
	GlobalSection(ProjectConfigurationPlatforms) = postSolution
		{DAD128AB-3D28-4902-8EB1-3BA43E16DA6F}.Debug|x64.ActiveCfg = Debug|x64
		{DAD128AB-3D28-4902-8EB1-3BA43E16DA6F}.Debug|x64.Build.0 = Debug|x64
		{DAD128AB-3D28-4902-8EB1-3BA43E16DA6F}.Debug|x86.ActiveCfg = Debug|Win32
		{DAD128AB-3D28-4902-8EB1-3BA43E16DA6F}.Debug|x86.Build.0 = Debug|Win32
		{DAD128AB-3D28-4902-8EB1-3BA43E16DA6F}.Release|x64.ActiveCfg = Release|x64
		{DAD128AB-3D28-4902-8EB1-3BA43E16DA6F}.Release|x64.Build.0 = Release|x64
		{DAD128AB-3D28-4902-8EB1-3BA43E16DA6F}.Release|x86.ActiveCfg = Release|Win32
		{DAD128AB-3D28-4902-8EB1-3BA43E16DA6F}.Release|x86.Build.0 = Release|Win32
		{26D93150-34C8-4743-A750-D0EE41DA1007}.Debug|x64.ActiveCfg = Debug|x64
		{26D93150-34C8-4743-A750-D0EE41DA1007}.Debug|x64.Build.0 = Debug|x64
		{26D93150-34C8-4743-A750-D0EE41DA1007}.Debug|x86.ActiveCfg = Debug|Win32
		{26D93150-34C8-4743-A750-D0EE41DA1007}.Debug|x86.Build.0 = Debug|Win32
		{26D93150-34C8-4743-A750-D0EE41DA1007}.Release|x64.ActiveCfg = Release|x64
		{26D93150-34C8-4743-A750-D0EE41DA1007}.Release|x64.Build.0 = Release|x64
		{26D93150-34C8-4743-A750-D0EE41DA1007}.Release|x86.ActiveCfg = Release|Win32
		{26D93150-34C8-4743-A750-D0EE41DA1007}.Release|x86.Build.0 = Release|Win32
		{635A418A-AB01-45A4-8BC2-20649F19FDF3}.Debug|x64.ActiveCfg = Debug|x64
		{635A418A-AB01-45A4-8BC2-20649F19FDF3}.Debug|x64.Build.0 = Debug|x64
		{635A418A-AB01-45A4-8BC2-20649F19FDF3}.Debug|x86.ActiveCfg = Debug|Win32
		{635A418A-AB01-45A4-8BC2-20649F19FDF3}.Debug|x86.Build.0 = Debug|Win32
		{635A418A-AB01-45A4-8BC2-20649F19FDF3}.Release|x64.ActiveCfg = Release|x64
		{635A418A-AB01-45A4-8BC2-20649F19FDF3}.Release|x64.Build.0 = Release|x64
		{635A418A-AB01-45A4-8BC2-20649F19FDF3}.Release|x86.ActiveCfg = Release|Win32
		{635A418A-AB01-45A4-8BC2-20649F19FDF3}.Release|x86.Build.0 = Release|Win32
	EndGlobalSection
	GlobalSection(SolutionProperties) = preSolution
		HideSolutionNode = FALSE
	EndGlobalSection
	GlobalSection(ExtensibilityGlobals) = postSolution
		SolutionGuid = {CC2BEA43-D351-4EE6-82A7-BBF0EED589A0}
	EndGlobalSection
EndGlobal
